
Microsoft Visual Studio Solution File, Format Version 12.00
# Visual Studio Version 17
VisualStudioVersion = 17.14.36408.4 d17.14
MinimumVisualStudioVersion = 10.0.40219.1
Project("{FAE04EC0-301F-11D3-BF4B-00C04F79EFBC}") = "BrandNew", "BrandNew\BrandNew.csproj", "{FBC941EF-A8B7-4114-AE1F-330D35243632}"
EndProject
Project("{FAE04EC0-301F-11D3-BF4B-00C04F79EFBC}") = "BrandNew.Domain", "BrandNew.Domain\BrandNew.Domain.csproj", "{2E6F065F-92E6-4A14-A4DC-B1F61AE5338D}"
EndProject
Project("{FAE04EC0-301F-11D3-BF4B-00C04F79EFBC}") = "BrandNew.Application", "BrandNew.Application\BrandNew.Application.csproj", "{6DC2B129-AA8F-4357-8159-EE636149A1FF}"
EndProject
Project("{FAE04EC0-301F-11D3-BF4B-00C04F79EFBC}") = "BrandNew.Infrastructre", "BrandNew.Infrastructre\BrandNew.Infrastructre.csproj", "{F2AFBCAD-AEE3-40DB-9967-FEA50E3A1681}"
EndProject
Global
	GlobalSection(SolutionConfigurationPlatforms) = preSolution
		Debug|Any CPU = Debug|Any CPU
		Release|Any CPU = Release|Any CPU
	EndGlobalSection
	GlobalSection(ProjectConfigurationPlatforms) = postSolution
		{FBC941EF-A8B7-4114-AE1F-330D35243632}.Debug|Any CPU.ActiveCfg = Debug|Any CPU
		{FBC941EF-A8B7-4114-AE1F-330D35243632}.Debug|Any CPU.Build.0 = Debug|Any CPU
		{FBC941EF-A8B7-4114-AE1F-330D35243632}.Release|Any CPU.ActiveCfg = Release|Any CPU
		{FBC941EF-A8B7-4114-AE1F-330D35243632}.Release|Any CPU.Build.0 = Release|Any CPU
		{2E6F065F-92E6-4A14-A4DC-B1F61AE5338D}.Debug|Any CPU.ActiveCfg = Debug|Any CPU
		{2E6F065F-92E6-4A14-A4DC-B1F61AE5338D}.Debug|Any CPU.Build.0 = Debug|Any CPU
		{2E6F065F-92E6-4A14-A4DC-B1F61AE5338D}.Release|Any CPU.ActiveCfg = Release|Any CPU
		{2E6F065F-92E6-4A14-A4DC-B1F61AE5338D}.Release|Any CPU.Build.0 = Release|Any CPU
		{6DC2B129-AA8F-4357-8159-EE636149A1FF}.Debug|Any CPU.ActiveCfg = Debug|Any CPU
		{6DC2B129-AA8F-4357-8159-EE636149A1FF}.Debug|Any CPU.Build.0 = Debug|Any CPU
		{6DC2B129-AA8F-4357-8159-EE636149A1FF}.Release|Any CPU.ActiveCfg = Release|Any CPU
		{6DC2B129-AA8F-4357-8159-EE636149A1FF}.Release|Any CPU.Build.0 = Release|Any CPU
		{F2AFBCAD-AEE3-40DB-9967-FEA50E3A1681}.Debug|Any CPU.ActiveCfg = Debug|Any CPU
		{F2AFBCAD-AEE3-40DB-9967-FEA50E3A1681}.Debug|Any CPU.Build.0 = Debug|Any CPU
		{F2AFBCAD-AEE3-40DB-9967-FEA50E3A1681}.Release|Any CPU.ActiveCfg = Release|Any CPU
		{F2AFBCAD-AEE3-40DB-9967-FEA50E3A1681}.Release|Any CPU.Build.0 = Release|Any CPU
	EndGlobalSection
	GlobalSection(SolutionProperties) = preSolution
		HideSolutionNode = FALSE
	EndGlobalSection
	GlobalSection(ExtensibilityGlobals) = postSolution
		SolutionGuid = {D70C762C-C451-4118-BDCF-326B5FC1638D}
	EndGlobalSection
EndGlobal
